
Microsoft Visual Studio Solution File, Format Version 12.00
# Visual Studio Version 17
VisualStudioVersion = 17.9.34723.18
MinimumVisualStudioVersion = 10.0.40219.1
Project("{FAE04EC0-301F-11D3-BF4B-00C04F79EFBC}") = "LDN.Framework.GenericException.WebApiHandler", "GenericWebApiException\LDN.Framework.GenericException.WebApiHandler.csproj", "{FB87C443-2A65-44B4-B42D-BD1F11668E28}"
EndProject
Global
	GlobalSection(SolutionConfigurationPlatforms) = preSolution
		Debug|Any CPU = Debug|Any CPU
		Release|Any CPU = Release|Any CPU
	EndGlobalSection
	GlobalSection(ProjectConfigurationPlatforms) = postSolution
		{FB87C443-2A65-44B4-B42D-BD1F11668E28}.Debug|Any CPU.ActiveCfg = Debug|Any CPU
		{FB87C443-2A65-44B4-B42D-BD1F11668E28}.Debug|Any CPU.Build.0 = Debug|Any CPU
		{FB87C443-2A65-44B4-B42D-BD1F11668E28}.Release|Any CPU.ActiveCfg = Release|Any CPU
		{FB87C443-2A65-44B4-B42D-BD1F11668E28}.Release|Any CPU.Build.0 = Release|Any CPU
	EndGlobalSection
	GlobalSection(SolutionProperties) = preSolution
		HideSolutionNode = FALSE
	EndGlobalSection
	GlobalSection(ExtensibilityGlobals) = postSolution
		SolutionGuid = {612FD2C4-34E4-44D9-A853-BA97F27D7E05}
	EndGlobalSection
EndGlobal
